// !$*UTF8*$!
{
	archiveVersion = 1;
	classes = {
	};
	objectVersion = 46;
	objects = {

/* Begin PBXBuildFile section */
		893A3A021AE367DF00CF9E7E /* CAAnimation+CoreBtnExtend.m in Sources */ = {isa = PBXBuildFile; fileRef = 893A3A011AE367DF00CF9E7E /* CAAnimation+CoreBtnExtend.m */; };
		897FF64D1AE2BDBE002F6B50 /* CoreBtn.m in Sources */ = {isa = PBXBuildFile; fileRef = 897FF63D1AE2BDBE002F6B50 /* CoreBtn.m */; };
		897FF64E1AE2BDBE002F6B50 /* CoreStatusBtn.m in Sources */ = {isa = PBXBuildFile; fileRef = 897FF63F1AE2BDBE002F6B50 /* CoreStatusBtn.m */; };
		897FF6501AE2BDBE002F6B50 /* UIImage+ColorForBtn.m in Sources */ = {isa = PBXBuildFile; fileRef = 897FF6461AE2BDBE002F6B50 /* UIImage+ColorForBtn.m */; };
		897FF6511AE2BDBE002F6B50 /* CoreStatusBtnMaskView.m in Sources */ = {isa = PBXBuildFile; fileRef = 897FF6491AE2BDBE002F6B50 /* CoreStatusBtnMaskView.m */; };
		897FF6521AE2BDBE002F6B50 /* CoreStatusBtnMaskView.xib in Resources */ = {isa = PBXBuildFile; fileRef = 897FF64A1AE2BDBE002F6B50 /* CoreStatusBtnMaskView.xib */; };
		897FF6531AE2BDBE002F6B50 /* MaskViewAnimView.m in Sources */ = {isa = PBXBuildFile; fileRef = 897FF64C1AE2BDBE002F6B50 /* MaskViewAnimView.m */; };
		897FF6561AE2BDE4002F6B50 /* UIView+CoreBtnExtend.m in Sources */ = {isa = PBXBuildFile; fileRef = 897FF6551AE2BDE4002F6B50 /* UIView+CoreBtnExtend.m */; };
		897FF6591AE2C0E0002F6B50 /* CoreCountBtn.m in Sources */ = {isa = PBXBuildFile; fileRef = 897FF6581AE2C0E0002F6B50 /* CoreCountBtn.m */; };
		D6B757011AA4BD2B00AF0B0F /* 1.png in Resources */ = {isa = PBXBuildFile; fileRef = D6B757001AA4BD2B00AF0B0F /* 1.png */; };
		D6BCD5351AA499590021850C /* main.m in Sources */ = {isa = PBXBuildFile; fileRef = D6BCD5341AA499590021850C /* main.m */; };
		D6BCD5381AA499590021850C /* AppDelegate.m in Sources */ = {isa = PBXBuildFile; fileRef = D6BCD5371AA499590021850C /* AppDelegate.m */; };
		D6BCD53B1AA499590021850C /* ViewController.m in Sources */ = {isa = PBXBuildFile; fileRef = D6BCD53A1AA499590021850C /* ViewController.m */; };
		D6BCD53E1AA499590021850C /* Main.storyboard in Resources */ = {isa = PBXBuildFile; fileRef = D6BCD53C1AA499590021850C /* Main.storyboard */; };
		D6BCD5401AA4995A0021850C /* Images.xcassets in Resources */ = {isa = PBXBuildFile; fileRef = D6BCD53F1AA4995A0021850C /* Images.xcassets */; };
		D6BCD5431AA4995A0021850C /* LaunchScreen.xib in Resources */ = {isa = PBXBuildFile; fileRef = D6BCD5411AA4995A0021850C /* LaunchScreen.xib */; };
		D6BCD54F1AA4995A0021850C /* CoreBtnTests.m in Sources */ = {isa = PBXBuildFile; fileRef = D6BCD54E1AA4995A0021850C /* CoreBtnTests.m */; };
/* End PBXBuildFile section */

/* Begin PBXContainerItemProxy section */
		D6BCD5491AA4995A0021850C /* PBXContainerItemProxy */ = {
			isa = PBXContainerItemProxy;
			containerPortal = D6BCD5271AA499590021850C /* Project object */;
			proxyType = 1;
			remoteGlobalIDString = D6BCD52E1AA499590021850C;
			remoteInfo = CoreBtn;
		};
/* End PBXContainerItemProxy section */

/* Begin PBXFileReference section */
		893A3A001AE367DF00CF9E7E /* CAAnimation+CoreBtnExtend.h */ = {isa = PBXFileReference; fileEncoding = 4; lastKnownFileType = sourcecode.c.h; path = "CAAnimation+CoreBtnExtend.h"; sourceTree = "<group>"; };
		893A3A011AE367DF00CF9E7E /* CAAnimation+CoreBtnExtend.m */ = {isa = PBXFileReference; fileEncoding = 4; lastKnownFileType = sourcecode.c.objc; path = "CAAnimation+CoreBtnExtend.m"; sourceTree = "<group>"; };
		897FF63C1AE2BDBE002F6B50 /* CoreBtn.h */ = {isa = PBXFileReference; fileEncoding = 4; lastKnownFileType = sourcecode.c.h; path = CoreBtn.h; sourceTree = "<group>"; };
		897FF63D1AE2BDBE002F6B50 /* CoreBtn.m */ = {isa = PBXFileReference; fileEncoding = 4; lastKnownFileType = sourcecode.c.objc; path = CoreBtn.m; sourceTree = "<group>"; };
		897FF63E1AE2BDBE002F6B50 /* CoreStatusBtn.h */ = {isa = PBXFileReference; fileEncoding = 4; lastKnownFileType = sourcecode.c.h; path = CoreStatusBtn.h; sourceTree = "<group>"; };
		897FF63F1AE2BDBE002F6B50 /* CoreStatusBtn.m */ = {isa = PBXFileReference; fileEncoding = 4; lastKnownFileType = sourcecode.c.objc; path = CoreStatusBtn.m; sourceTree = "<group>"; };
		897FF6451AE2BDBE002F6B50 /* UIImage+ColorForBtn.h */ = {isa = PBXFileReference; fileEncoding = 4; lastKnownFileType = sourcecode.c.h; path = "UIImage+ColorForBtn.h"; sourceTree = "<group>"; };
		897FF6461AE2BDBE002F6B50 /* UIImage+ColorForBtn.m */ = {isa = PBXFileReference; fileEncoding = 4; lastKnownFileType = sourcecode.c.objc; path = "UIImage+ColorForBtn.m"; sourceTree = "<group>"; };
		897FF6481AE2BDBE002F6B50 /* CoreStatusBtnMaskView.h */ = {isa = PBXFileReference; fileEncoding = 4; lastKnownFileType = sourcecode.c.h; path = CoreStatusBtnMaskView.h; sourceTree = "<group>"; };
		897FF6491AE2BDBE002F6B50 /* CoreStatusBtnMaskView.m */ = {isa = PBXFileReference; fileEncoding = 4; lastKnownFileType = sourcecode.c.objc; path = CoreStatusBtnMaskView.m; sourceTree = "<group>"; };
		897FF64A1AE2BDBE002F6B50 /* CoreStatusBtnMaskView.xib */ = {isa = PBXFileReference; fileEncoding = 4; lastKnownFileType = file.xib; path = CoreStatusBtnMaskView.xib; sourceTree = "<group>"; };
		897FF64B1AE2BDBE002F6B50 /* MaskViewAnimView.h */ = {isa = PBXFileReference; fileEncoding = 4; lastKnownFileType = sourcecode.c.h; path = MaskViewAnimView.h; sourceTree = "<group>"; };
		897FF64C1AE2BDBE002F6B50 /* MaskViewAnimView.m */ = {isa = PBXFileReference; fileEncoding = 4; lastKnownFileType = sourcecode.c.objc; path = MaskViewAnimView.m; sourceTree = "<group>"; };
		897FF6541AE2BDE4002F6B50 /* UIView+CoreBtnExtend.h */ = {isa = PBXFileReference; fileEncoding = 4; lastKnownFileType = sourcecode.c.h; name = "UIView+CoreBtnExtend.h"; path = "CoreBtn/UIView+CoreBtnExtend.h"; sourceTree = SOURCE_ROOT; };
		897FF6551AE2BDE4002F6B50 /* UIView+CoreBtnExtend.m */ = {isa = PBXFileReference; fileEncoding = 4; lastKnownFileType = sourcecode.c.objc; name = "UIView+CoreBtnExtend.m"; path = "CoreBtn/UIView+CoreBtnExtend.m"; sourceTree = SOURCE_ROOT; };
		897FF6571AE2C0E0002F6B50 /* CoreCountBtn.h */ = {isa = PBXFileReference; fileEncoding = 4; lastKnownFileType = sourcecode.c.h; path = CoreCountBtn.h; sourceTree = "<group>"; };
		897FF6581AE2C0E0002F6B50 /* CoreCountBtn.m */ = {isa = PBXFileReference; fileEncoding = 4; lastKnownFileType = sourcecode.c.objc; path = CoreCountBtn.m; sourceTree = "<group>"; };
		D6B757001AA4BD2B00AF0B0F /* 1.png */ = {isa = PBXFileReference; lastKnownFileType = image.png; path = 1.png; sourceTree = "<group>"; };
		D6BCD52F1AA499590021850C /* CoreBtn.app */ = {isa = PBXFileReference; explicitFileType = wrapper.application; includeInIndex = 0; path = CoreBtn.app; sourceTree = BUILT_PRODUCTS_DIR; };
		D6BCD5331AA499590021850C /* Info.plist */ = {isa = PBXFileReference; lastKnownFileType = text.plist.xml; path = Info.plist; sourceTree = "<group>"; };
		D6BCD5341AA499590021850C /* main.m */ = {isa = PBXFileReference; lastKnownFileType = sourcecode.c.objc; path = main.m; sourceTree = "<group>"; };
		D6BCD5361AA499590021850C /* AppDelegate.h */ = {isa = PBXFileReference; lastKnownFileType = sourcecode.c.h; path = AppDelegate.h; sourceTree = "<group>"; };
		D6BCD5371AA499590021850C /* AppDelegate.m */ = {isa = PBXFileReference; lastKnownFileType = sourcecode.c.objc; path = AppDelegate.m; sourceTree = "<group>"; };
		D6BCD5391AA499590021850C /* ViewController.h */ = {isa = PBXFileReference; lastKnownFileType = sourcecode.c.h; path = ViewController.h; sourceTree = "<group>"; };
		D6BCD53A1AA499590021850C /* ViewController.m */ = {isa = PBXFileReference; lastKnownFileType = sourcecode.c.objc; path = ViewController.m; sourceTree = "<group>"; };
		D6BCD53D1AA499590021850C /* Base */ = {isa = PBXFileReference; lastKnownFileType = file.storyboard; name = Base; path = Base.lproj/Main.storyboard; sourceTree = "<group>"; };
		D6BCD53F1AA4995A0021850C /* Images.xcassets */ = {isa = PBXFileReference; lastKnownFileType = folder.assetcatalog; path = Images.xcassets; sourceTree = "<group>"; };
		D6BCD5421AA4995A0021850C /* Base */ = {isa = PBXFileReference; lastKnownFileType = file.xib; name = Base; path = Base.lproj/LaunchScreen.xib; sourceTree = "<group>"; };
		D6BCD5481AA4995A0021850C /* CoreBtnTests.xctest */ = {isa = PBXFileReference; explicitFileType = wrapper.cfbundle; includeInIndex = 0; path = CoreBtnTests.xctest; sourceTree = BUILT_PRODUCTS_DIR; };
		D6BCD54D1AA4995A0021850C /* Info.plist */ = {isa = PBXFileReference; lastKnownFileType = text.plist.xml; path = Info.plist; sourceTree = "<group>"; };
		D6BCD54E1AA4995A0021850C /* CoreBtnTests.m */ = {isa = PBXFileReference; lastKnownFileType = sourcecode.c.objc; path = CoreBtnTests.m; sourceTree = "<group>"; };
/* End PBXFileReference section */

/* Begin PBXFrameworksBuildPhase section */
		D6BCD52C1AA499590021850C /* Frameworks */ = {
			isa = PBXFrameworksBuildPhase;
			buildActionMask = 2147483647;
			files = (
			);
			runOnlyForDeploymentPostprocessing = 0;
		};
		D6BCD5451AA4995A0021850C /* Frameworks */ = {
			isa = PBXFrameworksBuildPhase;
			buildActionMask = 2147483647;
			files = (
			);
			runOnlyForDeploymentPostprocessing = 0;
		};
/* End PBXFrameworksBuildPhase section */

/* Begin PBXGroup section */
		897FF63B1AE2BDBE002F6B50 /* CoreBtn */ = {
			isa = PBXGroup;
			children = (
				897FF63C1AE2BDBE002F6B50 /* CoreBtn.h */,
				897FF63D1AE2BDBE002F6B50 /* CoreBtn.m */,
				897FF6571AE2C0E0002F6B50 /* CoreCountBtn.h */,
				897FF6581AE2C0E0002F6B50 /* CoreCountBtn.m */,
				897FF63E1AE2BDBE002F6B50 /* CoreStatusBtn.h */,
				897FF63F1AE2BDBE002F6B50 /* CoreStatusBtn.m */,
				897FF6401AE2BDBE002F6B50 /* Lib */,
			);
			path = CoreBtn;
			sourceTree = "<group>";
		};
		897FF6401AE2BDBE002F6B50 /* Lib */ = {
			isa = PBXGroup;
			children = (
				897FF6441AE2BDBE002F6B50 /* Category */,
				897FF6471AE2BDBE002F6B50 /* View */,
			);
			path = Lib;
			sourceTree = "<group>";
		};
		897FF6441AE2BDBE002F6B50 /* Category */ = {
			isa = PBXGroup;
			children = (
				897FF6451AE2BDBE002F6B50 /* UIImage+ColorForBtn.h */,
				897FF6461AE2BDBE002F6B50 /* UIImage+ColorForBtn.m */,
				897FF6541AE2BDE4002F6B50 /* UIView+CoreBtnExtend.h */,
				897FF6551AE2BDE4002F6B50 /* UIView+CoreBtnExtend.m */,
				893A3A001AE367DF00CF9E7E /* CAAnimation+CoreBtnExtend.h */,
				893A3A011AE367DF00CF9E7E /* CAAnimation+CoreBtnExtend.m */,
			);
			path = Category;
			sourceTree = "<group>";
		};
		897FF6471AE2BDBE002F6B50 /* View */ = {
			isa = PBXGroup;
			children = (
				897FF6481AE2BDBE002F6B50 /* CoreStatusBtnMaskView.h */,
				897FF6491AE2BDBE002F6B50 /* CoreStatusBtnMaskView.m */,
				897FF64A1AE2BDBE002F6B50 /* CoreStatusBtnMaskView.xib */,
				897FF64B1AE2BDBE002F6B50 /* MaskViewAnimView.h */,
				897FF64C1AE2BDBE002F6B50 /* MaskViewAnimView.m */,
			);
			path = View;
			sourceTree = "<group>";
		};
		D6B756FF1AA4BD2B00AF0B0F /* Img */ = {
			isa = PBXGroup;
			children = (
				D6B757001AA4BD2B00AF0B0F /* 1.png */,
			);
			path = Img;
			sourceTree = "<group>";
		};
		D6BCD5261AA499590021850C = {
			isa = PBXGroup;
			children = (
				D6BCD5311AA499590021850C /* CoreBtn */,
				D6BCD54B1AA4995A0021850C /* CoreBtnTests */,
				D6BCD5301AA499590021850C /* Products */,
			);
			sourceTree = "<group>";
		};
		D6BCD5301AA499590021850C /* Products */ = {
			isa = PBXGroup;
			children = (
				D6BCD52F1AA499590021850C /* CoreBtn.app */,
				D6BCD5481AA4995A0021850C /* CoreBtnTests.xctest */,
			);
			name = Products;
			sourceTree = "<group>";
		};
		D6BCD5311AA499590021850C /* CoreBtn */ = {
			isa = PBXGroup;
			children = (
				897FF63B1AE2BDBE002F6B50 /* CoreBtn */,
				D6BCD5361AA499590021850C /* AppDelegate.h */,
				D6BCD5371AA499590021850C /* AppDelegate.m */,
				D6BCD5391AA499590021850C /* ViewController.h */,
				D6BCD53A1AA499590021850C /* ViewController.m */,
				D6BCD53C1AA499590021850C /* Main.storyboard */,
				D6BCD53F1AA4995A0021850C /* Images.xcassets */,
				D6BCD5411AA4995A0021850C /* LaunchScreen.xib */,
				D6BCD5321AA499590021850C /* Supporting Files */,
			);
			path = CoreBtn;
			sourceTree = "<group>";
		};
		D6BCD5321AA499590021850C /* Supporting Files */ = {
			isa = PBXGroup;
			children = (
				D6B756FF1AA4BD2B00AF0B0F /* Img */,
				D6BCD5331AA499590021850C /* Info.plist */,
				D6BCD5341AA499590021850C /* main.m */,
			);
			name = "Supporting Files";
			sourceTree = "<group>";
		};
		D6BCD54B1AA4995A0021850C /* CoreBtnTests */ = {
			isa = PBXGroup;
			children = (
				D6BCD54E1AA4995A0021850C /* CoreBtnTests.m */,
				D6BCD54C1AA4995A0021850C /* Supporting Files */,
			);
			path = CoreBtnTests;
			sourceTree = "<group>";
		};
		D6BCD54C1AA4995A0021850C /* Supporting Files */ = {
			isa = PBXGroup;
			children = (
				D6BCD54D1AA4995A0021850C /* Info.plist */,
			);
			name = "Supporting Files";
			sourceTree = "<group>";
		};
/* End PBXGroup section */

/* Begin PBXNativeTarget section */
		D6BCD52E1AA499590021850C /* CoreBtn */ = {
			isa = PBXNativeTarget;
			buildConfigurationList = D6BCD5521AA4995A0021850C /* Build configuration list for PBXNativeTarget "CoreBtn" */;
			buildPhases = (
				D6BCD52B1AA499590021850C /* Sources */,
				D6BCD52C1AA499590021850C /* Frameworks */,
				D6BCD52D1AA499590021850C /* Resources */,
			);
			buildRules = (
			);
			dependencies = (
			);
			name = CoreBtn;
			productName = CoreBtn;
			productReference = D6BCD52F1AA499590021850C /* CoreBtn.app */;
			productType = "com.apple.product-type.application";
		};
		D6BCD5471AA4995A0021850C /* CoreBtnTests */ = {
			isa = PBXNativeTarget;
			buildConfigurationList = D6BCD5551AA4995A0021850C /* Build configuration list for PBXNativeTarget "CoreBtnTests" */;
			buildPhases = (
				D6BCD5441AA4995A0021850C /* Sources */,
				D6BCD5451AA4995A0021850C /* Frameworks */,
				D6BCD5461AA4995A0021850C /* Resources */,
			);
			buildRules = (
			);
			dependencies = (
				D6BCD54A1AA4995A0021850C /* PBXTargetDependency */,
			);
			name = CoreBtnTests;
			productName = CoreBtnTests;
			productReference = D6BCD5481AA4995A0021850C /* CoreBtnTests.xctest */;
			productType = "com.apple.product-type.bundle.unit-test";
		};
/* End PBXNativeTarget section */

/* Begin PBXProject section */
		D6BCD5271AA499590021850C /* Project object */ = {
			isa = PBXProject;
			attributes = {
				LastUpgradeCheck = 0610;
				ORGANIZATIONNAME = "沐汐";
				TargetAttributes = {
					D6BCD52E1AA499590021850C = {
						CreatedOnToolsVersion = 6.1;
					};
					D6BCD5471AA4995A0021850C = {
						CreatedOnToolsVersion = 6.1;
						TestTargetID = D6BCD52E1AA499590021850C;
					};
				};
			};
			buildConfigurationList = D6BCD52A1AA499590021850C /* Build configuration list for PBXProject "CoreBtn" */;
			compatibilityVersion = "Xcode 3.2";
			developmentRegion = English;
			hasScannedForEncodings = 0;
			knownRegions = (
				en,
				Base,
			);
			mainGroup = D6BCD5261AA499590021850C;
			productRefGroup = D6BCD5301AA499590021850C /* Products */;
			projectDirPath = "";
			projectRoot = "";
			targets = (
				D6BCD52E1AA499590021850C /* CoreBtn */,
				D6BCD5471AA4995A0021850C /* CoreBtnTests */,
			);
		};
/* End PBXProject section */

/* Begin PBXResourcesBuildPhase section */
		D6BCD52D1AA499590021850C /* Resources */ = {
			isa = PBXResourcesBuildPhase;
			buildActionMask = 2147483647;
			files = (
				D6BCD53E1AA499590021850C /* Main.storyboard in Resources */,
				D6BCD5431AA4995A0021850C /* LaunchScreen.xib in Resources */,
				897FF6521AE2BDBE002F6B50 /* CoreStatusBtnMaskView.xib in Resources */,
				D6BCD5401AA4995A0021850C /* Images.xcassets in Resources */,
				D6B757011AA4BD2B00AF0B0F /* 1.png in Resources */,
			);
			runOnlyForDeploymentPostprocessing = 0;
		};
		D6BCD5461AA4995A0021850C /* Resources */ = {
			isa = PBXResourcesBuildPhase;
			buildActionMask = 2147483647;
			files = (
			);
			runOnlyForDeploymentPostprocessing = 0;
		};
/* End PBXResourcesBuildPhase section */

/* Begin PBXSourcesBuildPhase section */
		D6BCD52B1AA499590021850C /* Sources */ = {
			isa = PBXSourcesBuildPhase;
			buildActionMask = 2147483647;
			files = (
				897FF6591AE2C0E0002F6B50 /* CoreCountBtn.m in Sources */,
				D6BCD53B1AA499590021850C /* ViewController.m in Sources */,
				897FF6561AE2BDE4002F6B50 /* UIView+CoreBtnExtend.m in Sources */,
				897FF6511AE2BDBE002F6B50 /* CoreStatusBtnMaskView.m in Sources */,
				897FF64E1AE2BDBE002F6B50 /* CoreStatusBtn.m in Sources */,
				897FF6531AE2BDBE002F6B50 /* MaskViewAnimView.m in Sources */,
				897FF64D1AE2BDBE002F6B50 /* CoreBtn.m in Sources */,
				D6BCD5381AA499590021850C /* AppDelegate.m in Sources */,
				D6BCD5351AA499590021850C /* main.m in Sources */,
				893A3A021AE367DF00CF9E7E /* CAAnimation+CoreBtnExtend.m in Sources */,
				897FF6501AE2BDBE002F6B50 /* UIImage+ColorForBtn.m in Sources */,
			);
			runOnlyForDeploymentPostprocessing = 0;
		};
		D6BCD5441AA4995A0021850C /* Sources */ = {
			isa = PBXSourcesBuildPhase;
			buildActionMask = 2147483647;
			files = (
				D6BCD54F1AA4995A0021850C /* CoreBtnTests.m in Sources */,
			);
			runOnlyForDeploymentPostprocessing = 0;
		};
/* End PBXSourcesBuildPhase section */

/* Begin PBXTargetDependency section */
		D6BCD54A1AA4995A0021850C /* PBXTargetDependency */ = {
			isa = PBXTargetDependency;
			target = D6BCD52E1AA499590021850C /* CoreBtn */;
			targetProxy = D6BCD5491AA4995A0021850C /* PBXContainerItemProxy */;
		};
/* End PBXTargetDependency section */

/* Begin PBXVariantGroup section */
		D6BCD53C1AA499590021850C /* Main.storyboard */ = {
			isa = PBXVariantGroup;
			children = (
				D6BCD53D1AA499590021850C /* Base */,
			);
			name = Main.storyboard;
			sourceTree = "<group>";
		};
		D6BCD5411AA4995A0021850C /* LaunchScreen.xib */ = {
			isa = PBXVariantGroup;
			children = (
				D6BCD5421AA4995A0021850C /* Base */,
			);
			name = LaunchScreen.xib;
			sourceTree = "<group>";
		};
/* End PBXVariantGroup section */

/* Begin XCBuildConfiguration section */
		D6BCD5501AA4995A0021850C /* Debug */ = {
			isa = XCBuildConfiguration;
			buildSettings = {
				ALWAYS_SEARCH_USER_PATHS = NO;
				CLANG_CXX_LANGUAGE_STANDARD = "gnu++0x";
				CLANG_CXX_LIBRARY = "libc++";
				CLANG_ENABLE_MODULES = YES;
				CLANG_ENABLE_OBJC_ARC = YES;
				CLANG_WARN_BOOL_CONVERSION = YES;
				CLANG_WARN_CONSTANT_CONVERSION = YES;
				CLANG_WARN_DIRECT_OBJC_ISA_USAGE = YES_ERROR;
				CLANG_WARN_EMPTY_BODY = YES;
				CLANG_WARN_ENUM_CONVERSION = YES;
				CLANG_WARN_INT_CONVERSION = YES;
				CLANG_WARN_OBJC_ROOT_CLASS = YES_ERROR;
				CLANG_WARN_UNREACHABLE_CODE = YES;
				CLANG_WARN__DUPLICATE_METHOD_MATCH = YES;
				"CODE_SIGN_IDENTITY[sdk=iphoneos*]" = "iPhone Developer";
				COPY_PHASE_STRIP = NO;
				ENABLE_STRICT_OBJC_MSGSEND = YES;
				GCC_C_LANGUAGE_STANDARD = gnu99;
				GCC_DYNAMIC_NO_PIC = NO;
				GCC_OPTIMIZATION_LEVEL = 0;
				GCC_PREPROCESSOR_DEFINITIONS = (
					"DEBUG=1",
					"$(inherited)",
				);
				GCC_SYMBOLS_PRIVATE_EXTERN = NO;
				GCC_WARN_64_TO_32_BIT_CONVERSION = YES;
				GCC_WARN_ABOUT_RETURN_TYPE = YES_ERROR;
				GCC_WARN_UNDECLARED_SELECTOR = YES;
				GCC_WARN_UNINITIALIZED_AUTOS = YES_AGGRESSIVE;
				GCC_WARN_UNUSED_FUNCTION = YES;
				GCC_WARN_UNUSED_VARIABLE = YES;
				IPHONEOS_DEPLOYMENT_TARGET = 8.1;
				MTL_ENABLE_DEBUG_INFO = YES;
				ONLY_ACTIVE_ARCH = YES;
				SDKROOT = iphoneos;
			};
			name = Debug;
		};
		D6BCD5511AA4995A0021850C /* Release */ = {
			isa = XCBuildConfiguration;
			buildSettings = {
				ALWAYS_SEARCH_USER_PATHS = NO;
				CLANG_CXX_LANGUAGE_STANDARD = "gnu++0x";
				CLANG_CXX_LIBRARY = "libc++";
				CLANG_ENABLE_MODULES = YES;
				CLANG_ENABLE_OBJC_ARC = YES;
				CLANG_WARN_BOOL_CONVERSION = YES;
				CLANG_WARN_CONSTANT_CONVERSION = YES;
				CLANG_WARN_DIRECT_OBJC_ISA_USAGE = YES_ERROR;
				CLANG_WARN_EMPTY_BODY = YES;
				CLANG_WARN_ENUM_CONVERSION = YES;
				CLANG_WARN_INT_CONVERSION = YES;
				CLANG_WARN_OBJC_ROOT_CLASS = YES_ERROR;
				CLANG_WARN_UNREACHABLE_CODE = YES;
				CLANG_WARN__DUPLICATE_METHOD_MATCH = YES;
				"CODE_SIGN_IDENTITY[sdk=iphoneos*]" = "iPhone Developer";
				COPY_PHASE_STRIP = YES;
				ENABLE_NS_ASSERTIONS = NO;
				ENABLE_STRICT_OBJC_MSGSEND = YES;
				GCC_C_LANGUAGE_STANDARD = gnu99;
				GCC_WARN_64_TO_32_BIT_CONVERSION = YES;
				GCC_WARN_ABOUT_RETURN_TYPE = YES_ERROR;
				GCC_WARN_UNDECLARED_SELECTOR = YES;
				GCC_WARN_UNINITIALIZED_AUTOS = YES_AGGRESSIVE;
				GCC_WARN_UNUSED_FUNCTION = YES;
				GCC_WARN_UNUSED_VARIABLE = YES;
				IPHONEOS_DEPLOYMENT_TARGET = 8.1;
				MTL_ENABLE_DEBUG_INFO = NO;
				SDKROOT = iphoneos;
				VALIDATE_PRODUCT = YES;
			};
			name = Release;
		};
		D6BCD5531AA4995A0021850C /* Debug */ = {
			isa = XCBuildConfiguration;
			buildSettings = {
				ASSETCATALOG_COMPILER_APPICON_NAME = AppIcon;
				ASSETCATALOG_COMPILER_LAUNCHIMAGE_NAME = LaunchImage;
				INFOPLIST_FILE = CoreBtn/Info.plist;
				IPHONEOS_DEPLOYMENT_TARGET = 7.0;
				LD_RUNPATH_SEARCH_PATHS = "$(inherited) @executable_path/Frameworks";
				PRODUCT_NAME = "$(TARGET_NAME)";
			};
			name = Debug;
		};
		D6BCD5541AA4995A0021850C /* Release */ = {
			isa = XCBuildConfiguration;
			buildSettings = {
				ASSETCATALOG_COMPILER_APPICON_NAME = AppIcon;
				ASSETCATALOG_COMPILER_LAUNCHIMAGE_NAME = LaunchImage;
				INFOPLIST_FILE = CoreBtn/Info.plist;
				IPHONEOS_DEPLOYMENT_TARGET = 7.0;
				LD_RUNPATH_SEARCH_PATHS = "$(inherited) @executable_path/Frameworks";
				PRODUCT_NAME = "$(TARGET_NAME)";
			};
			name = Release;
		};
		D6BCD5561AA4995A0021850C /* Debug */ = {
			isa = XCBuildConfiguration;
			buildSettings = {
				BUNDLE_LOADER = "$(TEST_HOST)";
				FRAMEWORK_SEARCH_PATHS = (
					"$(SDKROOT)/Developer/Library/Frameworks",
					"$(inherited)",
				);
				GCC_PREPROCESSOR_DEFINITIONS = (
					"DEBUG=1",
					"$(inherited)",
				);
				INFOPLIST_FILE = CoreBtnTests/Info.plist;
				LD_RUNPATH_SEARCH_PATHS = "$(inherited) @executable_path/Frameworks @loader_path/Frameworks";
				PRODUCT_NAME = "$(TARGET_NAME)";
				TEST_HOST = "$(BUILT_PRODUCTS_DIR)/CoreBtn.app/CoreBtn";
			};
			name = Debug;
		};
		D6BCD5571AA4995A0021850C /* Release */ = {
			isa = XCBuildConfiguration;
			buildSettings = {
				BUNDLE_LOADER = "$(TEST_HOST)";
				FRAMEWORK_SEARCH_PATHS = (
					"$(SDKROOT)/Developer/Library/Frameworks",
					"$(inherited)",
				);
				INFOPLIST_FILE = CoreBtnTests/Info.plist;
				LD_RUNPATH_SEARCH_PATHS = "$(inherited) @executable_path/Frameworks @loader_path/Frameworks";
				PRODUCT_NAME = "$(TARGET_NAME)";
				TEST_HOST = "$(BUILT_PRODUCTS_DIR)/CoreBtn.app/CoreBtn";
			};
			name = Release;
		};
/* End XCBuildConfiguration section */

/* Begin XCConfigurationList section */
		D6BCD52A1AA499590021850C /* Build configuration list for PBXProject "CoreBtn" */ = {
			isa = XCConfigurationList;
			buildConfigurations = (
				D6BCD5501AA4995A0021850C /* Debug */,
				D6BCD5511AA4995A0021850C /* Release */,
			);
			defaultConfigurationIsVisible = 0;
			defaultConfigurationName = Release;
		};
		D6BCD5521AA4995A0021850C /* Build configuration list for PBXNativeTarget "CoreBtn" */ = {
			isa = XCConfigurationList;
			buildConfigurations = (
				D6BCD5531AA4995A0021850C /* Debug */,
				D6BCD5541AA4995A0021850C /* Release */,
			);
			defaultConfigurationIsVisible = 0;
			defaultConfigurationName = Release;
		};
		D6BCD5551AA4995A0021850C /* Build configuration list for PBXNativeTarget "CoreBtnTests" */ = {
			isa = XCConfigurationList;
			buildConfigurations = (
				D6BCD5561AA4995A0021850C /* Debug */,
				D6BCD5571AA4995A0021850C /* Release */,
			);
			defaultConfigurationIsVisible = 0;
			defaultConfigurationName = Release;
		};
/* End XCConfigurationList section */
	};
	rootObject = D6BCD5271AA499590021850C /* Project object */;
}
